
Microsoft Visual Studio Solution File, Format Version 12.00
# Visual Studio Version 17
VisualStudioVersion = 17.14.36310.24
MinimumVisualStudioVersion = 10.0.40219.1
Project("{FAE04EC0-301F-11D3-BF4B-00C04F79EFBC}") = "StudentProject.Models", "StudentProject.Models\StudentProject.Models.csproj", "{DEA05FB7-7331-4E56-B44E-C19DC4958990}"
EndProject
Project("{FAE04EC0-301F-11D3-BF4B-00C04F79EFBC}") = "StudentProject.Dao", "..\StudentProject.Dao\StudentProject.Dao.csproj", "{2B8FDA23-9006-4D45-99FD-055B4A54E2C7}"
EndProject
Project("{FAE04EC0-301F-11D3-BF4B-00C04F79EFBC}") = "StudentProj.Bal", "..\StudentProj.Bal\StudentProj.Bal.csproj", "{F37A48D7-002E-423D-BDDE-565353182B85}"
EndProject
Project("{FAE04EC0-301F-11D3-BF4B-00C04F79EFBC}") = "StudentProject.Exceptions", "..\StudentProject.Exceptions\StudentProject.Exceptions.csproj", "{ACA85B5A-E5F9-4F6B-ADB2-708A4F515900}"
EndProject
Project("{FAE04EC0-301F-11D3-BF4B-00C04F79EFBC}") = "StudentProject.Main", "..\StudentProject.Main\StudentProject.Main.csproj", "{81EC2760-9305-489B-B128-5BA6E2F57199}"
EndProject
Global
	GlobalSection(SolutionConfigurationPlatforms) = preSolution
		Debug|Any CPU = Debug|Any CPU
		Release|Any CPU = Release|Any CPU
	EndGlobalSection
	GlobalSection(ProjectConfigurationPlatforms) = postSolution
		{DEA05FB7-7331-4E56-B44E-C19DC4958990}.Debug|Any CPU.ActiveCfg = Debug|Any CPU
		{DEA05FB7-7331-4E56-B44E-C19DC4958990}.Debug|Any CPU.Build.0 = Debug|Any CPU
		{DEA05FB7-7331-4E56-B44E-C19DC4958990}.Release|Any CPU.ActiveCfg = Release|Any CPU
		{DEA05FB7-7331-4E56-B44E-C19DC4958990}.Release|Any CPU.Build.0 = Release|Any CPU
		{2B8FDA23-9006-4D45-99FD-055B4A54E2C7}.Debug|Any CPU.ActiveCfg = Debug|Any CPU
		{2B8FDA23-9006-4D45-99FD-055B4A54E2C7}.Debug|Any CPU.Build.0 = Debug|Any CPU
		{2B8FDA23-9006-4D45-99FD-055B4A54E2C7}.Release|Any CPU.ActiveCfg = Release|Any CPU
		{2B8FDA23-9006-4D45-99FD-055B4A54E2C7}.Release|Any CPU.Build.0 = Release|Any CPU
		{F37A48D7-002E-423D-BDDE-565353182B85}.Debug|Any CPU.ActiveCfg = Debug|Any CPU
		{F37A48D7-002E-423D-BDDE-565353182B85}.Debug|Any CPU.Build.0 = Debug|Any CPU
		{F37A48D7-002E-423D-BDDE-565353182B85}.Release|Any CPU.ActiveCfg = Release|Any CPU
		{F37A48D7-002E-423D-BDDE-565353182B85}.Release|Any CPU.Build.0 = Release|Any CPU
		{ACA85B5A-E5F9-4F6B-ADB2-708A4F515900}.Debug|Any CPU.ActiveCfg = Debug|Any CPU
		{ACA85B5A-E5F9-4F6B-ADB2-708A4F515900}.Debug|Any CPU.Build.0 = Debug|Any CPU
		{ACA85B5A-E5F9-4F6B-ADB2-708A4F515900}.Release|Any CPU.ActiveCfg = Release|Any CPU
		{ACA85B5A-E5F9-4F6B-ADB2-708A4F515900}.Release|Any CPU.Build.0 = Release|Any CPU
		{81EC2760-9305-489B-B128-5BA6E2F57199}.Debug|Any CPU.ActiveCfg = Debug|Any CPU
		{81EC2760-9305-489B-B128-5BA6E2F57199}.Debug|Any CPU.Build.0 = Debug|Any CPU
		{81EC2760-9305-489B-B128-5BA6E2F57199}.Release|Any CPU.ActiveCfg = Release|Any CPU
		{81EC2760-9305-489B-B128-5BA6E2F57199}.Release|Any CPU.Build.0 = Release|Any CPU
	EndGlobalSection
	GlobalSection(SolutionProperties) = preSolution
		HideSolutionNode = FALSE
	EndGlobalSection
	GlobalSection(ExtensibilityGlobals) = postSolution
		SolutionGuid = {C4174793-A514-4160-B8FD-EC27A6421286}
	EndGlobalSection
EndGlobal
